{
  "nodes": {
    "nixpkgs": {
      "locked": {
        "lastModified": 1788584326,
        "narHash": "sha256-ahDTmIBX7dGq9GgQWH0m1uEIoJhGInEpNvKVLc1j47U=",
        "rev": "6713828a351efa628b025a1adf7f43cbf8597513",
        "type": "tarball",
        "url": "https://releases.nixos.org/nixos/26.05/nixos-26.05.9173.6713828a351e/nixexprs.tar.xz"
      },
      "original": {
        "id": "nixpkgs",
        "ref": "nixos-26.05",
        "type": "indirect"
      }
    },
    "nixpkgs-unstable": {
      "locked": {
        "lastModified": 1788614874,
        "narHash": "sha256-PRK1fSEiAcO29DkUoOlsVLGYRK3h1YKVr+qQJB0VcYQ=",
        "rev": "c043004d1c6985732bcc1cbc5a9c9aecbbb4e0f0",
        "type": "tarball",
        "url": "https://releases.nixos.org/nixos/unstable/nixos-26.11pre1068089.c043004d1c69/nixexprs.tar.xz"
      },
      "original": {
        "id": "nixpkgs",
        "ref": "nixos-unstable",
        "type": "indirect"
      }
    },
    "root": {
      "inputs": {
        "nixpkgs": "nixpkgs",
        "nixpkgs-unstable": "nixpkgs-unstable"
      }
    }
  },
  "root": "root",
  "version": 7
}
