{
  "nodes": {
    "nixpkgs": {
      "locked": {
        "lastModified": 1786089803,
        "narHash": "sha256-iDLHbagLeTbQwI79zkbPdsUbwPvsk6nCJNSep+l1BRk=",
        "rev": "ee48b147c18c7de1e6ec97dc74792be42724bed1",
        "type": "tarball",
        "url": "https://releases.nixos.org/nixos/26.05/nixos-26.05.7201.ee48b147c18c/nixexprs.tar.xz"
      },
      "original": {
        "id": "nixpkgs",
        "ref": "nixos-26.05",
        "type": "indirect"
      }
    },
    "nixpkgs-unstable": {
      "locked": {
        "lastModified": 1785967620,
        "narHash": "sha256-929m7iW8q2uv3mZHNwY8Um6XKj99rbIcZsWS9cT1vaI=",
        "rev": "b7c2ada94fe99c15b0dbcf4d11fd7850b957a436",
        "type": "tarball",
        "url": "https://releases.nixos.org/nixos/unstable/nixos-26.11pre1048607.b7c2ada94fe9/nixexprs.tar.xz"
      },
      "original": {
        "id": "nixpkgs",
        "ref": "nixos-unstable",
        "type": "indirect"
      }
    },
    "root": {
      "inputs": {
        "nixpkgs": "nixpkgs",
        "nixpkgs-unstable": "nixpkgs-unstable"
      }
    }
  },
  "root": "root",
  "version": 7
}
