{
  "nodes": {
    "nixpkgs": {
      "locked": {
        "lastModified": 1726328674,
        "narHash": "sha256-qmd7YxokSkpZSwuXoD8a734JkIQmm2kaDrBzocKpVrA=",
        "owner": "NixOS",
        "repo": "nixpkgs",
        "rev": "b51904c22eef2070055aa4dc9e8004c19faac776",
        "type": "github"
      },
      "original": {
        "id": "nixpkgs",
        "ref": "nixpkgs-24.05-darwin",
        "type": "indirect"
      }
    },
    "root": {
      "inputs": {
        "nixpkgs": "nixpkgs"
      }
    }
  },
  "root": "root",
  "version": 7
}
